
Microsoft Visual Studio Solution File, Format Version 12.00
# Visual Studio Version 17
VisualStudioVersion = 17.1.32421.90
MinimumVisualStudioVersion = 10.0.40219.1
Project("{FAE04EC0-301F-11D3-BF4B-00C04F79EFBC}") = "WoowUpChallenge", "WoowUpChallenge\WoowUpChallenge.csproj", "{1DA90610-B922-4303-A167-DFC88B203843}"
EndProject
Project("{FAE04EC0-301F-11D3-BF4B-00C04F79EFBC}") = "Tests", "Tests\Tests.csproj", "{7B25C71F-4148-4642-AD0C-37FDC4425D3E}"
EndProject
Global
	GlobalSection(SolutionConfigurationPlatforms) = preSolution
		Debug|Any CPU = Debug|Any CPU
		Release|Any CPU = Release|Any CPU
	EndGlobalSection
	GlobalSection(ProjectConfigurationPlatforms) = postSolution
		{1DA90610-B922-4303-A167-DFC88B203843}.Debug|Any CPU.ActiveCfg = Debug|Any CPU
		{1DA90610-B922-4303-A167-DFC88B203843}.Debug|Any CPU.Build.0 = Debug|Any CPU
		{1DA90610-B922-4303-A167-DFC88B203843}.Release|Any CPU.ActiveCfg = Release|Any CPU
		{1DA90610-B922-4303-A167-DFC88B203843}.Release|Any CPU.Build.0 = Release|Any CPU
		{7B25C71F-4148-4642-AD0C-37FDC4425D3E}.Debug|Any CPU.ActiveCfg = Debug|Any CPU
		{7B25C71F-4148-4642-AD0C-37FDC4425D3E}.Debug|Any CPU.Build.0 = Debug|Any CPU
		{7B25C71F-4148-4642-AD0C-37FDC4425D3E}.Release|Any CPU.ActiveCfg = Release|Any CPU
		{7B25C71F-4148-4642-AD0C-37FDC4425D3E}.Release|Any CPU.Build.0 = Release|Any CPU
	EndGlobalSection
	GlobalSection(SolutionProperties) = preSolution
		HideSolutionNode = FALSE
	EndGlobalSection
	GlobalSection(ExtensibilityGlobals) = postSolution
		SolutionGuid = {57ECEC16-8A38-4CD1-9298-34631BDD09A0}
	EndGlobalSection
EndGlobal
